
Microsoft Visual Studio Solution File, Format Version 12.00
# Visual Studio Version 16
VisualStudioVersion = 16.0.28803.352
MinimumVisualStudioVersion = 10.0.40219.1
Project("{778DAE3C-4631-46EA-AA77-85C1314464D9}") = "AhoraEs", "AhoraEs\AhoraEs.vbproj", "{26F3AD05-47BC-4675-AF6A-FB0605F0EFBF}"
EndProject
Project("{778DAE3C-4631-46EA-AA77-85C1314464D9}") = "Hipotenusa", "Hipotenusa\Hipotenusa.vbproj", "{DAA17B42-20C5-4E8B-A561-0A999822161E}"
EndProject
Project("{778DAE3C-4631-46EA-AA77-85C1314464D9}") = "Nueva_fecha", "Nueva_fecha\Nueva_fecha.vbproj", "{8B3AA950-9609-4F9E-83FB-E4CF5EC9934A}"
EndProject
Project("{F184B08F-C81C-45F6-A57F-5ABD9991F28F}") = "VolumenCilindro", "VolumenCilindro\VolumenCilindro.vbproj", "{EFD7771D-283C-4AB9-B09D-84E87AD3C9EE}"
EndProject
Project("{F184B08F-C81C-45F6-A57F-5ABD9991F28F}") = "Potencias", "Potencias\Potencias.vbproj", "{BFB739B7-703C-4660-B762-981E2FD00DA8}"
EndProject
Global
	GlobalSection(SolutionConfigurationPlatforms) = preSolution
		Debug|Any CPU = Debug|Any CPU
		Release|Any CPU = Release|Any CPU
	EndGlobalSection
	GlobalSection(ProjectConfigurationPlatforms) = postSolution
		{26F3AD05-47BC-4675-AF6A-FB0605F0EFBF}.Debug|Any CPU.ActiveCfg = Debug|Any CPU
		{26F3AD05-47BC-4675-AF6A-FB0605F0EFBF}.Debug|Any CPU.Build.0 = Debug|Any CPU
		{26F3AD05-47BC-4675-AF6A-FB0605F0EFBF}.Release|Any CPU.ActiveCfg = Release|Any CPU
		{26F3AD05-47BC-4675-AF6A-FB0605F0EFBF}.Release|Any CPU.Build.0 = Release|Any CPU
		{DAA17B42-20C5-4E8B-A561-0A999822161E}.Debug|Any CPU.ActiveCfg = Debug|Any CPU
		{DAA17B42-20C5-4E8B-A561-0A999822161E}.Debug|Any CPU.Build.0 = Debug|Any CPU
		{DAA17B42-20C5-4E8B-A561-0A999822161E}.Release|Any CPU.ActiveCfg = Release|Any CPU
		{DAA17B42-20C5-4E8B-A561-0A999822161E}.Release|Any CPU.Build.0 = Release|Any CPU
		{8B3AA950-9609-4F9E-83FB-E4CF5EC9934A}.Debug|Any CPU.ActiveCfg = Debug|Any CPU
		{8B3AA950-9609-4F9E-83FB-E4CF5EC9934A}.Debug|Any CPU.Build.0 = Debug|Any CPU
		{8B3AA950-9609-4F9E-83FB-E4CF5EC9934A}.Release|Any CPU.ActiveCfg = Release|Any CPU
		{8B3AA950-9609-4F9E-83FB-E4CF5EC9934A}.Release|Any CPU.Build.0 = Release|Any CPU
		{EFD7771D-283C-4AB9-B09D-84E87AD3C9EE}.Debug|Any CPU.ActiveCfg = Debug|Any CPU
		{EFD7771D-283C-4AB9-B09D-84E87AD3C9EE}.Debug|Any CPU.Build.0 = Debug|Any CPU
		{EFD7771D-283C-4AB9-B09D-84E87AD3C9EE}.Release|Any CPU.ActiveCfg = Release|Any CPU
		{EFD7771D-283C-4AB9-B09D-84E87AD3C9EE}.Release|Any CPU.Build.0 = Release|Any CPU
		{BFB739B7-703C-4660-B762-981E2FD00DA8}.Debug|Any CPU.ActiveCfg = Debug|Any CPU
		{BFB739B7-703C-4660-B762-981E2FD00DA8}.Debug|Any CPU.Build.0 = Debug|Any CPU
		{BFB739B7-703C-4660-B762-981E2FD00DA8}.Release|Any CPU.ActiveCfg = Release|Any CPU
		{BFB739B7-703C-4660-B762-981E2FD00DA8}.Release|Any CPU.Build.0 = Release|Any CPU
	EndGlobalSection
	GlobalSection(SolutionProperties) = preSolution
		HideSolutionNode = FALSE
	EndGlobalSection
	GlobalSection(ExtensibilityGlobals) = postSolution
		SolutionGuid = {61ACD5C0-24E4-4954-A5C6-3598679BC9BA}
	EndGlobalSection
EndGlobal
